
Microsoft Visual Studio Solution File, Format Version 12.00
# Visual Studio 15
VisualStudioVersion = 15.0.28010.2046
MinimumVisualStudioVersion = 10.0.40219.1
Project("{8BC9CEB8-8B4A-11D0-8D11-00A0C91BC942}") = "PlusOdd", "PlusOdd\PlusOdd.vcxproj", "{648EC750-1AC1-4A4E-BA17-7630EE949515}"
EndProject
Global
	GlobalSection(SolutionConfigurationPlatforms) = preSolution
		Debug|x64 = Debug|x64
		Debug|x86 = Debug|x86
		Release|x64 = Release|x64
		Release|x86 = Release|x86
	EndGlobalSection
	GlobalSection(ProjectConfigurationPlatforms) = postSolution
		{648EC750-1AC1-4A4E-BA17-7630EE949515}.Debug|x64.ActiveCfg = Debug|x64
		{648EC750-1AC1-4A4E-BA17-7630EE949515}.Debug|x64.Build.0 = Debug|x64
		{648EC750-1AC1-4A4E-BA17-7630EE949515}.Debug|x86.ActiveCfg = Debug|Win32
		{648EC750-1AC1-4A4E-BA17-7630EE949515}.Debug|x86.Build.0 = Debug|Win32
		{648EC750-1AC1-4A4E-BA17-7630EE949515}.Release|x64.ActiveCfg = Release|x64
		{648EC750-1AC1-4A4E-BA17-7630EE949515}.Release|x64.Build.0 = Release|x64
		{648EC750-1AC1-4A4E-BA17-7630EE949515}.Release|x86.ActiveCfg = Release|Win32
		{648EC750-1AC1-4A4E-BA17-7630EE949515}.Release|x86.Build.0 = Release|Win32
	EndGlobalSection
	GlobalSection(SolutionProperties) = preSolution
		HideSolutionNode = FALSE
	EndGlobalSection
	GlobalSection(ExtensibilityGlobals) = postSolution
		SolutionGuid = {2BE76A13-0623-4FD2-A2A0-80CD9B3E26FC}
	EndGlobalSection
EndGlobal
